
Microsoft Visual Studio Solution File, Format Version 12.00
# Visual Studio Version 17
VisualStudioVersion = 17.8.34330.188
MinimumVisualStudioVersion = 10.0.40219.1
Project("{9A19103F-16F7-4668-BE54-9A1E7A4F7556}") = "DSRemapper.RemapperLua", "DSRemapper.RemapperLua.csproj", "{3EEC6790-98A6-404C-A5B3-1B4E540D8FAA}"
EndProject
Global
	GlobalSection(SolutionConfigurationPlatforms) = preSolution
		Debug|Any CPU = Debug|Any CPU
		Release|Any CPU = Release|Any CPU
	EndGlobalSection
	GlobalSection(ProjectConfigurationPlatforms) = postSolution
		{3EEC6790-98A6-404C-A5B3-1B4E540D8FAA}.Debug|Any CPU.ActiveCfg = Debug|Any CPU
		{3EEC6790-98A6-404C-A5B3-1B4E540D8FAA}.Debug|Any CPU.Build.0 = Debug|Any CPU
		{3EEC6790-98A6-404C-A5B3-1B4E540D8FAA}.Release|Any CPU.ActiveCfg = Release|Any CPU
		{3EEC6790-98A6-404C-A5B3-1B4E540D8FAA}.Release|Any CPU.Build.0 = Release|Any CPU
	EndGlobalSection
	GlobalSection(SolutionProperties) = preSolution
		HideSolutionNode = FALSE
	EndGlobalSection
	GlobalSection(ExtensibilityGlobals) = postSolution
		SolutionGuid = {E07D93D4-F2DC-4A2A-8909-1916365B8505}
	EndGlobalSection
EndGlobal
